
Microsoft Visual Studio Solution File, Format Version 12.00
# Visual Studio Version 17
VisualStudioVersion = 17.7.34024.191
MinimumVisualStudioVersion = 10.0.40219.1
Project("{9A19103F-16F7-4668-BE54-9A1E7A4F7556}") = "AM.Project", "AM.Project.csproj", "{571D9F27-717F-4E3F-BCBE-A16EA14C2F59}"
EndProject
Project("{9A19103F-16F7-4668-BE54-9A1E7A4F7556}") = "AM.Deployment", "..\AM.Deployment\AM.Deployment.csproj", "{2CF5EA5D-1993-49E5-A6E6-40A15B7DFB82}"
EndProject
Project("{9A19103F-16F7-4668-BE54-9A1E7A4F7556}") = "AM.Common", "..\AM.Services.Common\AM.Common.csproj", "{6533C57B-4D35-4489-9C18-19714A6A1648}"
EndProject
Project("{9A19103F-16F7-4668-BE54-9A1E7A4F7556}") = "AM.Services.Identity", "..\AM.Services.Identity\AM.Services.Identity.csproj", "{FBAD8383-E32C-4419-8B90-1A4EA59075A8}"
EndProject
Global
	GlobalSection(SolutionConfigurationPlatforms) = preSolution
		Debug|Any CPU = Debug|Any CPU
		Release|Any CPU = Release|Any CPU
	EndGlobalSection
	GlobalSection(ProjectConfigurationPlatforms) = postSolution
		{571D9F27-717F-4E3F-BCBE-A16EA14C2F59}.Debug|Any CPU.ActiveCfg = Debug|Any CPU
		{571D9F27-717F-4E3F-BCBE-A16EA14C2F59}.Debug|Any CPU.Build.0 = Debug|Any CPU
		{571D9F27-717F-4E3F-BCBE-A16EA14C2F59}.Release|Any CPU.ActiveCfg = Release|Any CPU
		{571D9F27-717F-4E3F-BCBE-A16EA14C2F59}.Release|Any CPU.Build.0 = Release|Any CPU
		{2CF5EA5D-1993-49E5-A6E6-40A15B7DFB82}.Debug|Any CPU.ActiveCfg = Debug|Any CPU
		{2CF5EA5D-1993-49E5-A6E6-40A15B7DFB82}.Debug|Any CPU.Build.0 = Debug|Any CPU
		{2CF5EA5D-1993-49E5-A6E6-40A15B7DFB82}.Release|Any CPU.ActiveCfg = Release|Any CPU
		{2CF5EA5D-1993-49E5-A6E6-40A15B7DFB82}.Release|Any CPU.Build.0 = Release|Any CPU
		{6533C57B-4D35-4489-9C18-19714A6A1648}.Debug|Any CPU.ActiveCfg = Debug|Any CPU
		{6533C57B-4D35-4489-9C18-19714A6A1648}.Debug|Any CPU.Build.0 = Debug|Any CPU
		{6533C57B-4D35-4489-9C18-19714A6A1648}.Release|Any CPU.ActiveCfg = Release|Any CPU
		{6533C57B-4D35-4489-9C18-19714A6A1648}.Release|Any CPU.Build.0 = Release|Any CPU
		{FBAD8383-E32C-4419-8B90-1A4EA59075A8}.Debug|Any CPU.ActiveCfg = Debug|Any CPU
		{FBAD8383-E32C-4419-8B90-1A4EA59075A8}.Debug|Any CPU.Build.0 = Debug|Any CPU
		{FBAD8383-E32C-4419-8B90-1A4EA59075A8}.Release|Any CPU.ActiveCfg = Release|Any CPU
		{FBAD8383-E32C-4419-8B90-1A4EA59075A8}.Release|Any CPU.Build.0 = Release|Any CPU
	EndGlobalSection
	GlobalSection(SolutionProperties) = preSolution
		HideSolutionNode = FALSE
	EndGlobalSection
	GlobalSection(ExtensibilityGlobals) = postSolution
		SolutionGuid = {B9D5D5FB-4AA6-4D62-B238-D995771E0DB0}
	EndGlobalSection
EndGlobal
